{
  "name": "cdsj5-it-dashboard",
  "version": "1.0.0",
  "lockfileVersion": 3,
  "requires": true,
  "packages": {
    "": {
      "name": "cdsj5-it-dashboard",
      "version": "1.0.0",
      "dependencies": {
        "p5": "1.9.4",
        "plotly.js-dist-min": "2.35.2"
      }
    },
    "node_modules/p5": {
      "version": "1.9.4",
      "resolved": "https://registry.npmjs.org/p5/-/p5-1.9.4.tgz",
      "integrity": "sha512-dhiZ9mvXx5pm8eRwml34xbeUwce4uS9Q2za0YOHg2p97N9iNAb5hTIHAt77CHKHXAh6A16u/oalz5egRfTyFWw==",
      "license": "LGPL-2.1"
    },
    "node_modules/plotly.js-dist-min": {
      "version": "2.35.2",
      "resolved": "https://registry.npmjs.org/plotly.js-dist-min/-/plotly.js-dist-min-2.35.2.tgz",
      "integrity": "sha512-oWDTf2kYOmTtEw3epeeSBdfH/H3OSktF0suST9oI6fIgKfbyd4MT7TPh8+CVzdHYllYon24Q0HI1hZjOnLqk6g==",
      "license": "MIT"
    }
  }
}
